
Microsoft Visual Studio Solution File, Format Version 12.00
# Visual Studio Version 17
VisualStudioVersion = 17.5.33414.496
MinimumVisualStudioVersion = 10.0.40219.1
Project("{FAE04EC0-301F-11D3-BF4B-00C04F79EFBC}") = "OrganizationProfile", "OrganizationProfile.csproj", "{FE024EE4-61F7-4B6B-8412-1E3ED3FED701}"
EndProject
Global
	GlobalSection(SolutionConfigurationPlatforms) = preSolution
		Debug|Any CPU = Debug|Any CPU
		Release|Any CPU = Release|Any CPU
	EndGlobalSection
	GlobalSection(ProjectConfigurationPlatforms) = postSolution
		{FE024EE4-61F7-4B6B-8412-1E3ED3FED701}.Debug|Any CPU.ActiveCfg = Debug|Any CPU
		{FE024EE4-61F7-4B6B-8412-1E3ED3FED701}.Debug|Any CPU.Build.0 = Debug|Any CPU
		{FE024EE4-61F7-4B6B-8412-1E3ED3FED701}.Release|Any CPU.ActiveCfg = Release|Any CPU
		{FE024EE4-61F7-4B6B-8412-1E3ED3FED701}.Release|Any CPU.Build.0 = Release|Any CPU
	EndGlobalSection
	GlobalSection(SolutionProperties) = preSolution
		HideSolutionNode = FALSE
	EndGlobalSection
	GlobalSection(ExtensibilityGlobals) = postSolution
		SolutionGuid = {4084E816-1C6C-4140-A1DD-E5D6FB854925}
	EndGlobalSection
EndGlobal
